// !$*UTF8*$!
{
	archiveVersion = 1;
	classes = {
	};
	objectVersion = 77;
	objects = {

/* Begin PBXBuildFile section */
		194065C34EAFFA0D19B92921 /* AppState.swift in Sources */ = {isa = PBXBuildFile; fileRef = 32F59314FE41983CF7BE6768 /* AppState.swift */; };
		3077BD11DF1AB4FAB8917573 /* SidecarClient.swift in Sources */ = {isa = PBXBuildFile; fileRef = 65781FE7706E89AF96983D21 /* SidecarClient.swift */; };
		4AF40CDC791616E9405E928A /* MenuBarContent.swift in Sources */ = {isa = PBXBuildFile; fileRef = BC3EFC389176034D118EAA14 /* MenuBarContent.swift */; };
		50F9EB7C891431B44FD6196A /* PerformanceMonitor.swift in Sources */ = {isa = PBXBuildFile; fileRef = 49328FFD8A6488E284B24CD7 /* PerformanceMonitor.swift */; };
		73EF8610934F2A1586878B52 /* SettingsView.swift in Sources */ = {isa = PBXBuildFile; fileRef = 1C9EC4698777C620E5D39304 /* SettingsView.swift */; };
		BDB53CACA0B47DD2A9281F0B /* PanelLensApp.swift in Sources */ = {isa = PBXBuildFile; fileRef = 6375C284098B4D1FCD6D1022 /* PanelLensApp.swift */; };
		C905DCCD766AFD8AD9DCE387 /* OverlayController.swift in Sources */ = {isa = PBXBuildFile; fileRef = 093581266FB77CC5F0F1468D /* OverlayController.swift */; };
		DEB417242B698E153F1622A8 /* WindowPickerView.swift in Sources */ = {isa = PBXBuildFile; fileRef = AEB40A0062FD30C9403A8120 /* WindowPickerView.swift */; };
/* End PBXBuildFile section */

/* Begin PBXFileReference section */
		093581266FB77CC5F0F1468D /* OverlayController.swift */ = {isa = PBXFileReference; lastKnownFileType = sourcecode.swift; path = OverlayController.swift; sourceTree = "<group>"; };
		1C9EC4698777C620E5D39304 /* SettingsView.swift */ = {isa = PBXFileReference; lastKnownFileType = sourcecode.swift; path = SettingsView.swift; sourceTree = "<group>"; };
		32F59314FE41983CF7BE6768 /* AppState.swift */ = {isa = PBXFileReference; lastKnownFileType = sourcecode.swift; path = AppState.swift; sourceTree = "<group>"; };
		49328FFD8A6488E284B24CD7 /* PerformanceMonitor.swift */ = {isa = PBXFileReference; lastKnownFileType = sourcecode.swift; path = PerformanceMonitor.swift; sourceTree = "<group>"; };
		6375C284098B4D1FCD6D1022 /* PanelLensApp.swift */ = {isa = PBXFileReference; lastKnownFileType = sourcecode.swift; path = PanelLensApp.swift; sourceTree = "<group>"; };
		65781FE7706E89AF96983D21 /* SidecarClient.swift */ = {isa = PBXFileReference; lastKnownFileType = sourcecode.swift; path = SidecarClient.swift; sourceTree = "<group>"; };
		955E56E3ABAFC6631884FA04 /* PanelLens.entitlements */ = {isa = PBXFileReference; lastKnownFileType = text.plist.entitlements; path = PanelLens.entitlements; sourceTree = "<group>"; };
		AEB40A0062FD30C9403A8120 /* WindowPickerView.swift */ = {isa = PBXFileReference; lastKnownFileType = sourcecode.swift; path = WindowPickerView.swift; sourceTree = "<group>"; };
		BC3EFC389176034D118EAA14 /* MenuBarContent.swift */ = {isa = PBXFileReference; lastKnownFileType = sourcecode.swift; path = MenuBarContent.swift; sourceTree = "<group>"; };
		CAB6D29A7836576D8AE378CB /* PanelLens.app */ = {isa = PBXFileReference; explicitFileType = wrapper.application; includeInIndex = 0; path = PanelLens.app; sourceTree = BUILT_PRODUCTS_DIR; };
/* End PBXFileReference section */

/* Begin PBXGroup section */
		3B39924B0C9FF7299E7660E7 = {
			isa = PBXGroup;
			children = (
				51C3CDC25C073F912C66CBA0 /* PanelLens */,
				FE6940B176C825D46D80A7AF /* Products */,
			);
			sourceTree = "<group>";
		};
		51C3CDC25C073F912C66CBA0 /* PanelLens */ = {
			isa = PBXGroup;
			children = (
				32F59314FE41983CF7BE6768 /* AppState.swift */,
				BC3EFC389176034D118EAA14 /* MenuBarContent.swift */,
				093581266FB77CC5F0F1468D /* OverlayController.swift */,
				955E56E3ABAFC6631884FA04 /* PanelLens.entitlements */,
				6375C284098B4D1FCD6D1022 /* PanelLensApp.swift */,
				49328FFD8A6488E284B24CD7 /* PerformanceMonitor.swift */,
				1C9EC4698777C620E5D39304 /* SettingsView.swift */,
				65781FE7706E89AF96983D21 /* SidecarClient.swift */,
				AEB40A0062FD30C9403A8120 /* WindowPickerView.swift */,
			);
			path = PanelLens;
			sourceTree = "<group>";
		};
		FE6940B176C825D46D80A7AF /* Products */ = {
			isa = PBXGroup;
			children = (
				CAB6D29A7836576D8AE378CB /* PanelLens.app */,
			);
			name = Products;
			sourceTree = "<group>";
		};
/* End PBXGroup section */

/* Begin PBXNativeTarget section */
		91C3E036D1E260592829E146 /* PanelLens */ = {
			isa = PBXNativeTarget;
			buildConfigurationList = 6BB0272C9F9B660B3ACDFFD0 /* Build configuration list for PBXNativeTarget "PanelLens" */;
			buildPhases = (
				BE528D9745B0E1DE58FA25E6 /* Sources */,
			);
			buildRules = (
			);
			dependencies = (
			);
			name = PanelLens;
			packageProductDependencies = (
			);
			productName = PanelLens;
			productReference = CAB6D29A7836576D8AE378CB /* PanelLens.app */;
			productType = "com.apple.product-type.application";
		};
/* End PBXNativeTarget section */

/* Begin PBXProject section */
		E4E1508C9BC1CB90954692DE /* Project object */ = {
			isa = PBXProject;
			attributes = {
				BuildIndependentTargetsInParallel = YES;
				LastUpgradeCheck = 1430;
				TargetAttributes = {
					91C3E036D1E260592829E146 = {
						DevelopmentTeam = DK4MKJ7QP9;
						ProvisioningStyle = Automatic;
					};
				};
			};
			buildConfigurationList = 8E92BFB77779AF151A0A9768 /* Build configuration list for PBXProject "PanelLens" */;
			developmentRegion = en;
			hasScannedForEncodings = 0;
			knownRegions = (
				Base,
				en,
			);
			mainGroup = 3B39924B0C9FF7299E7660E7;
			minimizedProjectReferenceProxies = 1;
			preferredProjectObjectVersion = 77;
			productRefGroup = FE6940B176C825D46D80A7AF /* Products */;
			projectDirPath = "";
			projectRoot = "";
			targets = (
				91C3E036D1E260592829E146 /* PanelLens */,
			);
		};
/* End PBXProject section */

/* Begin PBXSourcesBuildPhase section */
		BE528D9745B0E1DE58FA25E6 /* Sources */ = {
			isa = PBXSourcesBuildPhase;
			buildActionMask = 2147483647;
			files = (
				194065C34EAFFA0D19B92921 /* AppState.swift in Sources */,
				4AF40CDC791616E9405E928A /* MenuBarContent.swift in Sources */,
				C905DCCD766AFD8AD9DCE387 /* OverlayController.swift in Sources */,
				BDB53CACA0B47DD2A9281F0B /* PanelLensApp.swift in Sources */,
				50F9EB7C891431B44FD6196A /* PerformanceMonitor.swift in Sources */,
				73EF8610934F2A1586878B52 /* SettingsView.swift in Sources */,
				3077BD11DF1AB4FAB8917573 /* SidecarClient.swift in Sources */,
				DEB417242B698E153F1622A8 /* WindowPickerView.swift in Sources */,
			);
			runOnlyForDeploymentPostprocessing = 0;
		};
/* End PBXSourcesBuildPhase section */

/* Begin XCBuildConfiguration section */
		0D063631FFB5E7E650C3D00A /* Release */ = {
			isa = XCBuildConfiguration;
			buildSettings = {
				ALWAYS_SEARCH_USER_PATHS = NO;
				CLANG_ANALYZER_NONNULL = YES;
				CLANG_ANALYZER_NUMBER_OBJECT_CONVERSION = YES_AGGRESSIVE;
				CLANG_CXX_LANGUAGE_STANDARD = "gnu++14";
				CLANG_CXX_LIBRARY = "libc++";
				CLANG_ENABLE_MODULES = YES;
				CLANG_ENABLE_OBJC_ARC = YES;
				CLANG_ENABLE_OBJC_WEAK = YES;
				CLANG_WARN_BLOCK_CAPTURE_AUTORELEASING = YES;
				CLANG_WARN_BOOL_CONVERSION = YES;
				CLANG_WARN_COMMA = YES;
				CLANG_WARN_CONSTANT_CONVERSION = YES;
				CLANG_WARN_DEPRECATED_OBJC_IMPLEMENTATIONS = YES;
				CLANG_WARN_DIRECT_OBJC_ISA_USAGE = YES_ERROR;
				CLANG_WARN_DOCUMENTATION_COMMENTS = YES;
				CLANG_WARN_EMPTY_BODY = YES;
				CLANG_WARN_ENUM_CONVERSION = YES;
				CLANG_WARN_INFINITE_RECURSION = YES;
				CLANG_WARN_INT_CONVERSION = YES;
				CLANG_WARN_NON_LITERAL_NULL_CONVERSION = YES;
				CLANG_WARN_OBJC_IMPLICIT_RETAIN_SELF = YES;
				CLANG_WARN_OBJC_LITERAL_CONVERSION = YES;
				CLANG_WARN_OBJC_ROOT_CLASS = YES_ERROR;
				CLANG_WARN_QUOTED_INCLUDE_IN_FRAMEWORK_HEADER = YES;
				CLANG_WARN_RANGE_LOOP_ANALYSIS = YES;
				CLANG_WARN_STRICT_PROTOTYPES = YES;
				CLANG_WARN_SUSPICIOUS_MOVE = YES;
				CLANG_WARN_UNGUARDED_AVAILABILITY = YES_AGGRESSIVE;
				CLANG_WARN_UNREACHABLE_CODE = YES;
				CLANG_WARN__DUPLICATE_METHOD_MATCH = YES;
				COPY_PHASE_STRIP = NO;
				DEBUG_INFORMATION_FORMAT = "dwarf-with-dsym";
				ENABLE_NS_ASSERTIONS = NO;
				ENABLE_STRICT_OBJC_MSGSEND = YES;
				GCC_C_LANGUAGE_STANDARD = gnu11;
				GCC_NO_COMMON_BLOCKS = YES;
				GCC_WARN_64_TO_32_BIT_CONVERSION = YES;
				GCC_WARN_ABOUT_RETURN_TYPE = YES_ERROR;
				GCC_WARN_UNDECLARED_SELECTOR = YES;
				GCC_WARN_UNINITIALIZED_AUTOS = YES_AGGRESSIVE;
				GCC_WARN_UNUSED_FUNCTION = YES;
				GCC_WARN_UNUSED_VARIABLE = YES;
				MACOSX_DEPLOYMENT_TARGET = 14.0;
				MTL_ENABLE_DEBUG_INFO = NO;
				MTL_FAST_MATH = YES;
				PRODUCT_NAME = "$(TARGET_NAME)";
				SDKROOT = macosx;
				SWIFT_COMPILATION_MODE = wholemodule;
				SWIFT_OPTIMIZATION_LEVEL = "-O";
				SWIFT_VERSION = 5.10;
			};
			name = Release;
		};
		7DAAB77352E8C929B9B1A4C0 /* Debug */ = {
			isa = XCBuildConfiguration;
			buildSettings = {
				ASSETCATALOG_COMPILER_APPICON_NAME = AppIcon;
				CODE_SIGN_ENTITLEMENTS = PanelLens/PanelLens.entitlements;
				CODE_SIGN_IDENTITY = "Apple Development";
				CODE_SIGN_STYLE = Automatic;
				COMBINE_HIDPI_IMAGES = YES;
				DEVELOPMENT_TEAM = DK4MKJ7QP9;
				GENERATE_INFOPLIST_FILE = YES;
				INFOPLIST_KEY_LSUIElement = YES;
				INFOPLIST_KEY_NSScreenCaptureUsageDescription = "PanelLens captures the browser window you select so it can recognize and translate visible manhwa or manhua text locally.";
				LD_RUNPATH_SEARCH_PATHS = (
					"$(inherited)",
					"@executable_path/../Frameworks",
				);
				PRODUCT_BUNDLE_IDENTIFIER = com.panellens.app;
				PRODUCT_NAME = PanelLens;
				SDKROOT = macosx;
			};
			name = Debug;
		};
		810C931B381FA71E9EC17E26 /* Debug */ = {
			isa = XCBuildConfiguration;
			buildSettings = {
				ALWAYS_SEARCH_USER_PATHS = NO;
				CLANG_ANALYZER_NONNULL = YES;
				CLANG_ANALYZER_NUMBER_OBJECT_CONVERSION = YES_AGGRESSIVE;
				CLANG_CXX_LANGUAGE_STANDARD = "gnu++14";
				CLANG_CXX_LIBRARY = "libc++";
				CLANG_ENABLE_MODULES = YES;
				CLANG_ENABLE_OBJC_ARC = YES;
				CLANG_ENABLE_OBJC_WEAK = YES;
				CLANG_WARN_BLOCK_CAPTURE_AUTORELEASING = YES;
				CLANG_WARN_BOOL_CONVERSION = YES;
				CLANG_WARN_COMMA = YES;
				CLANG_WARN_CONSTANT_CONVERSION = YES;
				CLANG_WARN_DEPRECATED_OBJC_IMPLEMENTATIONS = YES;
				CLANG_WARN_DIRECT_OBJC_ISA_USAGE = YES_ERROR;
				CLANG_WARN_DOCUMENTATION_COMMENTS = YES;
				CLANG_WARN_EMPTY_BODY = YES;
				CLANG_WARN_ENUM_CONVERSION = YES;
				CLANG_WARN_INFINITE_RECURSION = YES;
				CLANG_WARN_INT_CONVERSION = YES;
				CLANG_WARN_NON_LITERAL_NULL_CONVERSION = YES;
				CLANG_WARN_OBJC_IMPLICIT_RETAIN_SELF = YES;
				CLANG_WARN_OBJC_LITERAL_CONVERSION = YES;
				CLANG_WARN_OBJC_ROOT_CLASS = YES_ERROR;
				CLANG_WARN_QUOTED_INCLUDE_IN_FRAMEWORK_HEADER = YES;
				CLANG_WARN_RANGE_LOOP_ANALYSIS = YES;
				CLANG_WARN_STRICT_PROTOTYPES = YES;
				CLANG_WARN_SUSPICIOUS_MOVE = YES;
				CLANG_WARN_UNGUARDED_AVAILABILITY = YES_AGGRESSIVE;
				CLANG_WARN_UNREACHABLE_CODE = YES;
				CLANG_WARN__DUPLICATE_METHOD_MATCH = YES;
				COPY_PHASE_STRIP = NO;
				DEBUG_INFORMATION_FORMAT = dwarf;
				ENABLE_STRICT_OBJC_MSGSEND = YES;
				ENABLE_TESTABILITY = YES;
				GCC_C_LANGUAGE_STANDARD = gnu11;
				GCC_DYNAMIC_NO_PIC = NO;
				GCC_NO_COMMON_BLOCKS = YES;
				GCC_OPTIMIZATION_LEVEL = 0;
				GCC_PREPROCESSOR_DEFINITIONS = (
					"$(inherited)",
					"DEBUG=1",
				);
				GCC_WARN_64_TO_32_BIT_CONVERSION = YES;
				GCC_WARN_ABOUT_RETURN_TYPE = YES_ERROR;
				GCC_WARN_UNDECLARED_SELECTOR = YES;
				GCC_WARN_UNINITIALIZED_AUTOS = YES_AGGRESSIVE;
				GCC_WARN_UNUSED_FUNCTION = YES;
				GCC_WARN_UNUSED_VARIABLE = YES;
				MACOSX_DEPLOYMENT_TARGET = 14.0;
				MTL_ENABLE_DEBUG_INFO = INCLUDE_SOURCE;
				MTL_FAST_MATH = YES;
				ONLY_ACTIVE_ARCH = YES;
				PRODUCT_NAME = "$(TARGET_NAME)";
				SDKROOT = macosx;
				SWIFT_ACTIVE_COMPILATION_CONDITIONS = DEBUG;
				SWIFT_OPTIMIZATION_LEVEL = "-Onone";
				SWIFT_VERSION = 5.10;
			};
			name = Debug;
		};
		D777E33D2752C4F22C1F375C /* Release */ = {
			isa = XCBuildConfiguration;
			buildSettings = {
				ASSETCATALOG_COMPILER_APPICON_NAME = AppIcon;
				CODE_SIGN_ENTITLEMENTS = PanelLens/PanelLens.entitlements;
				CODE_SIGN_IDENTITY = "Apple Development";
				CODE_SIGN_STYLE = Automatic;
				COMBINE_HIDPI_IMAGES = YES;
				DEVELOPMENT_TEAM = DK4MKJ7QP9;
				GENERATE_INFOPLIST_FILE = YES;
				INFOPLIST_KEY_LSUIElement = YES;
				INFOPLIST_KEY_NSScreenCaptureUsageDescription = "PanelLens captures the browser window you select so it can recognize and translate visible manhwa or manhua text locally.";
				LD_RUNPATH_SEARCH_PATHS = (
					"$(inherited)",
					"@executable_path/../Frameworks",
				);
				PRODUCT_BUNDLE_IDENTIFIER = com.panellens.app;
				PRODUCT_NAME = PanelLens;
				SDKROOT = macosx;
			};
			name = Release;
		};
/* End XCBuildConfiguration section */

/* Begin XCConfigurationList section */
		6BB0272C9F9B660B3ACDFFD0 /* Build configuration list for PBXNativeTarget "PanelLens" */ = {
			isa = XCConfigurationList;
			buildConfigurations = (
				7DAAB77352E8C929B9B1A4C0 /* Debug */,
				D777E33D2752C4F22C1F375C /* Release */,
			);
			defaultConfigurationIsVisible = 0;
			defaultConfigurationName = Debug;
		};
		8E92BFB77779AF151A0A9768 /* Build configuration list for PBXProject "PanelLens" */ = {
			isa = XCConfigurationList;
			buildConfigurations = (
				810C931B381FA71E9EC17E26 /* Debug */,
				0D063631FFB5E7E650C3D00A /* Release */,
			);
			defaultConfigurationIsVisible = 0;
			defaultConfigurationName = Debug;
		};
/* End XCConfigurationList section */
	};
	rootObject = E4E1508C9BC1CB90954692DE /* Project object */;
}
